
Microsoft Visual Studio Solution File, Format Version 12.00
# Visual Studio Version 17
VisualStudioVersion = 17.5.002.0
MinimumVisualStudioVersion = 10.0.40219.1
Project("{9A19103F-16F7-4668-BE54-9A1E7A4F7556}") = "HRFileApplication", "HRFileApplication.csproj", "{D53AFA4F-2091-4E05-AB57-771AE80B962B}"
EndProject
Global
	GlobalSection(SolutionConfigurationPlatforms) = preSolution
		Debug|Any CPU = Debug|Any CPU
		Release|Any CPU = Release|Any CPU
	EndGlobalSection
	GlobalSection(ProjectConfigurationPlatforms) = postSolution
		{D53AFA4F-2091-4E05-AB57-771AE80B962B}.Debug|Any CPU.ActiveCfg = Debug|Any CPU
		{D53AFA4F-2091-4E05-AB57-771AE80B962B}.Debug|Any CPU.Build.0 = Debug|Any CPU
		{D53AFA4F-2091-4E05-AB57-771AE80B962B}.Release|Any CPU.ActiveCfg = Release|Any CPU
		{D53AFA4F-2091-4E05-AB57-771AE80B962B}.Release|Any CPU.Build.0 = Release|Any CPU
	EndGlobalSection
	GlobalSection(SolutionProperties) = preSolution
		HideSolutionNode = FALSE
	EndGlobalSection
	GlobalSection(ExtensibilityGlobals) = postSolution
		SolutionGuid = {4032459E-3AD6-4E53-8298-9A4ADA41BAE6}
	EndGlobalSection
EndGlobal
